
Microsoft Visual Studio Solution File, Format Version 12.00
# Visual Studio Version 17
VisualStudioVersion = 17.10.35122.118
MinimumVisualStudioVersion = 10.0.40219.1
Project("{FAE04EC0-301F-11D3-BF4B-00C04F79EFBC}") = "Assignment 1 Software1", "Assignment 1 Software1\Assignment 1 Software1.csproj", "{1CF81D20-FBF3-450C-91E3-4806237C25A5}"
EndProject
Global
	GlobalSection(SolutionConfigurationPlatforms) = preSolution
		Debug|Any CPU = Debug|Any CPU
		Release|Any CPU = Release|Any CPU
	EndGlobalSection
	GlobalSection(ProjectConfigurationPlatforms) = postSolution
		{1CF81D20-FBF3-450C-91E3-4806237C25A5}.Debug|Any CPU.ActiveCfg = Debug|Any CPU
		{1CF81D20-FBF3-450C-91E3-4806237C25A5}.Debug|Any CPU.Build.0 = Debug|Any CPU
		{1CF81D20-FBF3-450C-91E3-4806237C25A5}.Release|Any CPU.ActiveCfg = Release|Any CPU
		{1CF81D20-FBF3-450C-91E3-4806237C25A5}.Release|Any CPU.Build.0 = Release|Any CPU
	EndGlobalSection
	GlobalSection(SolutionProperties) = preSolution
		HideSolutionNode = FALSE
	EndGlobalSection
	GlobalSection(ExtensibilityGlobals) = postSolution
		SolutionGuid = {4CEFC5B6-A17A-40D8-A1AC-C6F53DF8E8AC}
	EndGlobalSection
EndGlobal
